
Microsoft Visual Studio Solution File, Format Version 12.00
# Visual Studio Version 17
VisualStudioVersion = 17.3.32804.467
MinimumVisualStudioVersion = 10.0.40219.1
Project("{FAE04EC0-301F-11D3-BF4B-00C04F79EFBC}") = "Tarea 17 agosto (2nda clase)", "Tarea 17 agosto (2nda clase)\Tarea 17 agosto (2nda clase).csproj", "{985E22F8-0677-434F-8CDE-AEC6E1218337}"
EndProject
Global
	GlobalSection(SolutionConfigurationPlatforms) = preSolution
		Debug|Any CPU = Debug|Any CPU
		Release|Any CPU = Release|Any CPU
	EndGlobalSection
	GlobalSection(ProjectConfigurationPlatforms) = postSolution
		{985E22F8-0677-434F-8CDE-AEC6E1218337}.Debug|Any CPU.ActiveCfg = Debug|Any CPU
		{985E22F8-0677-434F-8CDE-AEC6E1218337}.Debug|Any CPU.Build.0 = Debug|Any CPU
		{985E22F8-0677-434F-8CDE-AEC6E1218337}.Release|Any CPU.ActiveCfg = Release|Any CPU
		{985E22F8-0677-434F-8CDE-AEC6E1218337}.Release|Any CPU.Build.0 = Release|Any CPU
	EndGlobalSection
	GlobalSection(SolutionProperties) = preSolution
		HideSolutionNode = FALSE
	EndGlobalSection
	GlobalSection(ExtensibilityGlobals) = postSolution
		SolutionGuid = {5D5017AF-0F50-4301-9B5A-69757FD70170}
	EndGlobalSection
EndGlobal
