
Microsoft Visual Studio Solution File, Format Version 12.00
# Visual Studio Version 16
VisualStudioVersion = 16.0.29519.181
MinimumVisualStudioVersion = 10.0.40219.1
Project("{FAE04EC0-301F-11D3-BF4B-00C04F79EFBC}") = "Carpinteria1W3", "Carpinteria1W3\Carpinteria1W3.csproj", "{73FBF31F-5F83-4C0F-A785-4762EFBD6292}"
EndProject
Global
	GlobalSection(SolutionConfigurationPlatforms) = preSolution
		Debug|Any CPU = Debug|Any CPU
		Release|Any CPU = Release|Any CPU
	EndGlobalSection
	GlobalSection(ProjectConfigurationPlatforms) = postSolution
		{73FBF31F-5F83-4C0F-A785-4762EFBD6292}.Debug|Any CPU.ActiveCfg = Debug|Any CPU
		{73FBF31F-5F83-4C0F-A785-4762EFBD6292}.Debug|Any CPU.Build.0 = Debug|Any CPU
		{73FBF31F-5F83-4C0F-A785-4762EFBD6292}.Release|Any CPU.ActiveCfg = Release|Any CPU
		{73FBF31F-5F83-4C0F-A785-4762EFBD6292}.Release|Any CPU.Build.0 = Release|Any CPU
	EndGlobalSection
	GlobalSection(SolutionProperties) = preSolution
		HideSolutionNode = FALSE
	EndGlobalSection
	GlobalSection(ExtensibilityGlobals) = postSolution
		SolutionGuid = {353A13D2-1BDD-443E-8B13-5A324E9F70C6}
	EndGlobalSection
EndGlobal
